
Microsoft Visual Studio Solution File, Format Version 12.00
# Visual Studio 15
VisualStudioVersion = 15.0.27130.2010
MinimumVisualStudioVersion = 10.0.40219.1
Project("{2150E333-8FDC-42A3-9474-1A3956D46DE8}") = "CSharp6", "CSharp6", "{B2A185F2-7310-4FFB-AE16-BD6530F6A456}"
EndProject
Project("{2150E333-8FDC-42A3-9474-1A3956D46DE8}") = "CSharp7", "CSharp7", "{5230CA15-1637-4B59-8925-B7A1548FD240}"
EndProject
Project("{FAE04EC0-301F-11D3-BF4B-00C04F79EFBC}") = "Autoproperties", "Autoproperties\Autoproperties.csproj", "{C619E601-5425-423C-9270-2049FAA9CA2B}"
EndProject
Project("{FAE04EC0-301F-11D3-BF4B-00C04F79EFBC}") = "BaseCSharp7", "BaseCSharp7\BaseCSharp7.csproj", "{D0874515-E6DE-4F83-9E4C-AD78E769E275}"
EndProject
Project("{2150E333-8FDC-42A3-9474-1A3956D46DE8}") = "发布订阅", "发布订阅", "{1D18C207-61B7-41C4-A529-34B128DB249B}"
EndProject
Project("{FAE04EC0-301F-11D3-BF4B-00C04F79EFBC}") = "ExampleForest", "ExampleForest\ExampleForest.csproj", "{0411461C-883F-4AD1-9590-2415A108C845}"
EndProject
Project("{2150E333-8FDC-42A3-9474-1A3956D46DE8}") = "网络是否通畅", "网络是否通畅", "{DCC51E4C-68ED-4C99-A853-5113F8444208}"
EndProject
Project("{FAE04EC0-301F-11D3-BF4B-00C04F79EFBC}") = "TestPing", "TestPing\TestPing.csproj", "{B82D849D-9AAE-4159-A7C7-34E247479279}"
EndProject
Project("{FAE04EC0-301F-11D3-BF4B-00C04F79EFBC}") = "UpdateHis", "UpdateHis\UpdateHis.csproj", "{3301ACE8-3166-4401-A473-689C24EC9067}"
EndProject
Project("{2150E333-8FDC-42A3-9474-1A3956D46DE8}") = "测试", "测试", "{32B94606-BFAA-40AD-B013-E27C0E298D73}"
EndProject
Project("{FAE04EC0-301F-11D3-BF4B-00C04F79EFBC}") = "ConsoleApp1", "ConsoleApp1\ConsoleApp1.csproj", "{8532AAF4-532E-4007-B6F2-86A9AED2DAF7}"
EndProject
Project("{2150E333-8FDC-42A3-9474-1A3956D46DE8}") = "Project", "Project", "{F7BA7118-4DE8-49B9-A9C8-474E91A7688E}"
EndProject
Project("{9A19103F-16F7-4668-BE54-9A1E7A4F7556}") = "Project.API", "Project.API\Project.API.csproj", "{E67B8BA9-9C5D-4FCB-AB33-9F1EAAC3C809}"
EndProject
Project("{9A19103F-16F7-4668-BE54-9A1E7A4F7556}") = "Project.Domain", "Project.Domain\Project.Domain.csproj", "{4D0689B8-D0A1-43F4-A258-995437E1889C}"
EndProject
Project("{9A19103F-16F7-4668-BE54-9A1E7A4F7556}") = "Project.Infrastructure", "Project.Infrastructure\Project.Infrastructure.csproj", "{E9FA355A-3AC1-432F-ACAD-D6C6E5C90132}"
EndProject
Project("{2150E333-8FDC-42A3-9474-1A3956D46DE8}") = "yield", "yield", "{71338CBE-5D3B-4ACF-A171-26A032E073C7}"
EndProject
Project("{FAE04EC0-301F-11D3-BF4B-00C04F79EFBC}") = "yieldUsed", "yieldUsed\yieldUsed.csproj", "{01161A62-F568-49C7-A1D3-8BBD1C2067A6}"
EndProject
Project("{2150E333-8FDC-42A3-9474-1A3956D46DE8}") = "abpswagger", "abpswagger", "{34DEE4F9-F1A3-44C2-B677-7B8B13C66C4C}"
EndProject
Project("{9A19103F-16F7-4668-BE54-9A1E7A4F7556}") = "test.api", "test.api\test.api.csproj", "{B900EBE0-1F58-4C12-933B-FC33B552D29B}"
EndProject
Project("{9A19103F-16F7-4668-BE54-9A1E7A4F7556}") = "test.Application", "test.Application\test.Application.csproj", "{1D76DC0D-CA29-4696-8338-E99C1011303D}"
EndProject
Project("{2150E333-8FDC-42A3-9474-1A3956D46DE8}") = "异步编程", "异步编程", "{299600BF-4FC0-4886-959D-2A3833B63B95}"
EndProject
Project("{FAE04EC0-301F-11D3-BF4B-00C04F79EFBC}") = "TestAsync", "TestAsync\TestAsync.csproj", "{3A534F9A-D27D-406A-9E5D-236FDE7E66CD}"
EndProject
Project("{FAE04EC0-301F-11D3-BF4B-00C04F79EFBC}") = "TestAwait", "TestAwait\TestAwait.csproj", "{D9178C5C-A9E4-4049-BD61-47741CDDED3F}"
EndProject
Project("{2150E333-8FDC-42A3-9474-1A3956D46DE8}") = "Abp", "Abp", "{ADA5D47D-5157-41BE-85B4-62297B0E2B85}"
EndProject
Project("{9A19103F-16F7-4668-BE54-9A1E7A4F7556}") = "TestAspCoreInit", "TestAspCoreInit\TestAspCoreInit.csproj", "{4B40FE23-AA7F-4CB5-B281-ED1C9253D0AC}"
EndProject
Project("{9A19103F-16F7-4668-BE54-9A1E7A4F7556}") = "Shawn.dal", "Shawn.dal\Shawn.dal.csproj", "{B20D2694-D3FF-4A96-9AEC-794D8D5C5C7C}"
EndProject
Project("{9A19103F-16F7-4668-BE54-9A1E7A4F7556}") = "shawn.module", "shawn.module\shawn.module.csproj", "{2BED0DE0-730E-4077-BACD-03F06D8B70B7}"
EndProject
Project("{2150E333-8FDC-42A3-9474-1A3956D46DE8}") = "ForWangyue", "ForWangyue", "{F60D0D82-A710-4313-8CB0-15F6DB461FEC}"
EndProject
Project("{FAE04EC0-301F-11D3-BF4B-00C04F79EFBC}") = "RecordCarCounts", "RecordCarCounts\RecordCarCounts.csproj", "{037985CA-67D7-4720-B3C5-F5A80D6F38F4}"
EndProject
Project("{9A19103F-16F7-4668-BE54-9A1E7A4F7556}") = "ThreadInt", "ThreadInt\ThreadInt.csproj", "{65A4DE3F-E364-4506-B854-8C6A83102FD1}"
EndProject
Project("{2150E333-8FDC-42A3-9474-1A3956D46DE8}") = "拓扑排序", "拓扑排序", "{2F124AB0-5F12-4642-98D2-A503534B36D1}"
EndProject
Project("{FAE04EC0-301F-11D3-BF4B-00C04F79EFBC}") = "SortDependencies", "SortDependencies\SortDependencies.csproj", "{34E613D3-485E-4D80-9B92-D000DDE04A18}"
EndProject
Project("{2150E333-8FDC-42A3-9474-1A3956D46DE8}") = "冒泡Sort", "冒泡Sort", "{E0BD1A2D-9109-44A4-BF3D-A4012A353CEA}"
EndProject
Project("{FAE04EC0-301F-11D3-BF4B-00C04F79EFBC}") = "MySort", "MySort\MySort.csproj", "{8E45B784-C482-490E-8B9C-82ACCE823C93}"
EndProject
Project("{2150E333-8FDC-42A3-9474-1A3956D46DE8}") = "Lazy延时加载", "Lazy延时加载", "{EAF26BFF-2ABF-4F4D-9795-848335BD864E}"
EndProject
Project("{FAE04EC0-301F-11D3-BF4B-00C04F79EFBC}") = "lazy", "lazy\lazy.csproj", "{14C565A2-C78E-4DA3-A3E3-FD0C610013AA}"
EndProject
Project("{FAE04EC0-301F-11D3-BF4B-00C04F79EFBC}") = "NewLazy", "NewLazy\NewLazy.csproj", "{92A97710-86E2-42AE-B579-1F36BC9F85D1}"
EndProject
Project("{2150E333-8FDC-42A3-9474-1A3956D46DE8}") = "TestAbp", "TestAbp", "{0B91C195-1DF9-4E73-98AA-8098B0FFDE52}"
EndProject
Project("{2150E333-8FDC-42A3-9474-1A3956D46DE8}") = "动态代理", "动态代理", "{F01CC017-990E-42A5-9C0D-34DEAD6691B9}"
EndProject
Project("{FAE04EC0-301F-11D3-BF4B-00C04F79EFBC}") = "CastleDynamic", "CastleDynamic\CastleDynamic.csproj", "{22C49348-083D-405C-A8D0-5706BA7A6AD9}"
EndProject
Project("{9A19103F-16F7-4668-BE54-9A1E7A4F7556}") = "TestCastle", "TestCastle\TestCastle.csproj", "{0DF16FA5-D6BC-4D96-B935-5620126AF762}"
EndProject
Project("{FAE04EC0-301F-11D3-BF4B-00C04F79EFBC}") = "CastleAssemly", "CastleAssemly\CastleAssemly.csproj", "{D2AEB3A6-C1D9-45F0-811E-C49A7EE86194}"
EndProject
Global
	GlobalSection(SolutionConfigurationPlatforms) = preSolution
		Debug|Any CPU = Debug|Any CPU
		Release|Any CPU = Release|Any CPU
	EndGlobalSection
	GlobalSection(ProjectConfigurationPlatforms) = postSolution
		{C619E601-5425-423C-9270-2049FAA9CA2B}.Debug|Any CPU.ActiveCfg = Debug|Any CPU
		{C619E601-5425-423C-9270-2049FAA9CA2B}.Debug|Any CPU.Build.0 = Debug|Any CPU
		{C619E601-5425-423C-9270-2049FAA9CA2B}.Release|Any CPU.ActiveCfg = Release|Any CPU
		{C619E601-5425-423C-9270-2049FAA9CA2B}.Release|Any CPU.Build.0 = Release|Any CPU
		{D0874515-E6DE-4F83-9E4C-AD78E769E275}.Debug|Any CPU.ActiveCfg = Debug|Any CPU
		{D0874515-E6DE-4F83-9E4C-AD78E769E275}.Debug|Any CPU.Build.0 = Debug|Any CPU
		{D0874515-E6DE-4F83-9E4C-AD78E769E275}.Release|Any CPU.ActiveCfg = Release|Any CPU
		{D0874515-E6DE-4F83-9E4C-AD78E769E275}.Release|Any CPU.Build.0 = Release|Any CPU
		{0411461C-883F-4AD1-9590-2415A108C845}.Debug|Any CPU.ActiveCfg = Debug|Any CPU
		{0411461C-883F-4AD1-9590-2415A108C845}.Debug|Any CPU.Build.0 = Debug|Any CPU
		{0411461C-883F-4AD1-9590-2415A108C845}.Release|Any CPU.ActiveCfg = Release|Any CPU
		{0411461C-883F-4AD1-9590-2415A108C845}.Release|Any CPU.Build.0 = Release|Any CPU
		{B82D849D-9AAE-4159-A7C7-34E247479279}.Debug|Any CPU.ActiveCfg = Debug|Any CPU
		{B82D849D-9AAE-4159-A7C7-34E247479279}.Debug|Any CPU.Build.0 = Debug|Any CPU
		{B82D849D-9AAE-4159-A7C7-34E247479279}.Release|Any CPU.ActiveCfg = Release|Any CPU
		{B82D849D-9AAE-4159-A7C7-34E247479279}.Release|Any CPU.Build.0 = Release|Any CPU
		{3301ACE8-3166-4401-A473-689C24EC9067}.Debug|Any CPU.ActiveCfg = Debug|Any CPU
		{3301ACE8-3166-4401-A473-689C24EC9067}.Debug|Any CPU.Build.0 = Debug|Any CPU
		{3301ACE8-3166-4401-A473-689C24EC9067}.Release|Any CPU.ActiveCfg = Release|Any CPU
		{3301ACE8-3166-4401-A473-689C24EC9067}.Release|Any CPU.Build.0 = Release|Any CPU
		{8532AAF4-532E-4007-B6F2-86A9AED2DAF7}.Debug|Any CPU.ActiveCfg = Debug|Any CPU
		{8532AAF4-532E-4007-B6F2-86A9AED2DAF7}.Debug|Any CPU.Build.0 = Debug|Any CPU
		{8532AAF4-532E-4007-B6F2-86A9AED2DAF7}.Release|Any CPU.ActiveCfg = Release|Any CPU
		{8532AAF4-532E-4007-B6F2-86A9AED2DAF7}.Release|Any CPU.Build.0 = Release|Any CPU
		{E67B8BA9-9C5D-4FCB-AB33-9F1EAAC3C809}.Debug|Any CPU.ActiveCfg = Debug|Any CPU
		{E67B8BA9-9C5D-4FCB-AB33-9F1EAAC3C809}.Debug|Any CPU.Build.0 = Debug|Any CPU
		{E67B8BA9-9C5D-4FCB-AB33-9F1EAAC3C809}.Release|Any CPU.ActiveCfg = Release|Any CPU
		{E67B8BA9-9C5D-4FCB-AB33-9F1EAAC3C809}.Release|Any CPU.Build.0 = Release|Any CPU
		{4D0689B8-D0A1-43F4-A258-995437E1889C}.Debug|Any CPU.ActiveCfg = Debug|Any CPU
		{4D0689B8-D0A1-43F4-A258-995437E1889C}.Debug|Any CPU.Build.0 = Debug|Any CPU
		{4D0689B8-D0A1-43F4-A258-995437E1889C}.Release|Any CPU.ActiveCfg = Release|Any CPU
		{4D0689B8-D0A1-43F4-A258-995437E1889C}.Release|Any CPU.Build.0 = Release|Any CPU
		{E9FA355A-3AC1-432F-ACAD-D6C6E5C90132}.Debug|Any CPU.ActiveCfg = Debug|Any CPU
		{E9FA355A-3AC1-432F-ACAD-D6C6E5C90132}.Debug|Any CPU.Build.0 = Debug|Any CPU
		{E9FA355A-3AC1-432F-ACAD-D6C6E5C90132}.Release|Any CPU.ActiveCfg = Release|Any CPU
		{E9FA355A-3AC1-432F-ACAD-D6C6E5C90132}.Release|Any CPU.Build.0 = Release|Any CPU
		{01161A62-F568-49C7-A1D3-8BBD1C2067A6}.Debug|Any CPU.ActiveCfg = Debug|Any CPU
		{01161A62-F568-49C7-A1D3-8BBD1C2067A6}.Debug|Any CPU.Build.0 = Debug|Any CPU
		{01161A62-F568-49C7-A1D3-8BBD1C2067A6}.Release|Any CPU.ActiveCfg = Release|Any CPU
		{01161A62-F568-49C7-A1D3-8BBD1C2067A6}.Release|Any CPU.Build.0 = Release|Any CPU
		{B900EBE0-1F58-4C12-933B-FC33B552D29B}.Debug|Any CPU.ActiveCfg = Debug|Any CPU
		{B900EBE0-1F58-4C12-933B-FC33B552D29B}.Debug|Any CPU.Build.0 = Debug|Any CPU
		{B900EBE0-1F58-4C12-933B-FC33B552D29B}.Release|Any CPU.ActiveCfg = Release|Any CPU
		{B900EBE0-1F58-4C12-933B-FC33B552D29B}.Release|Any CPU.Build.0 = Release|Any CPU
		{1D76DC0D-CA29-4696-8338-E99C1011303D}.Debug|Any CPU.ActiveCfg = Debug|Any CPU
		{1D76DC0D-CA29-4696-8338-E99C1011303D}.Debug|Any CPU.Build.0 = Debug|Any CPU
		{1D76DC0D-CA29-4696-8338-E99C1011303D}.Release|Any CPU.ActiveCfg = Release|Any CPU
		{1D76DC0D-CA29-4696-8338-E99C1011303D}.Release|Any CPU.Build.0 = Release|Any CPU
		{3A534F9A-D27D-406A-9E5D-236FDE7E66CD}.Debug|Any CPU.ActiveCfg = Debug|Any CPU
		{3A534F9A-D27D-406A-9E5D-236FDE7E66CD}.Debug|Any CPU.Build.0 = Debug|Any CPU
		{3A534F9A-D27D-406A-9E5D-236FDE7E66CD}.Release|Any CPU.ActiveCfg = Release|Any CPU
		{3A534F9A-D27D-406A-9E5D-236FDE7E66CD}.Release|Any CPU.Build.0 = Release|Any CPU
		{D9178C5C-A9E4-4049-BD61-47741CDDED3F}.Debug|Any CPU.ActiveCfg = Debug|Any CPU
		{D9178C5C-A9E4-4049-BD61-47741CDDED3F}.Debug|Any CPU.Build.0 = Debug|Any CPU
		{D9178C5C-A9E4-4049-BD61-47741CDDED3F}.Release|Any CPU.ActiveCfg = Release|Any CPU
		{D9178C5C-A9E4-4049-BD61-47741CDDED3F}.Release|Any CPU.Build.0 = Release|Any CPU
		{4B40FE23-AA7F-4CB5-B281-ED1C9253D0AC}.Debug|Any CPU.ActiveCfg = Debug|Any CPU
		{4B40FE23-AA7F-4CB5-B281-ED1C9253D0AC}.Debug|Any CPU.Build.0 = Debug|Any CPU
		{4B40FE23-AA7F-4CB5-B281-ED1C9253D0AC}.Release|Any CPU.ActiveCfg = Release|Any CPU
		{4B40FE23-AA7F-4CB5-B281-ED1C9253D0AC}.Release|Any CPU.Build.0 = Release|Any CPU
		{B20D2694-D3FF-4A96-9AEC-794D8D5C5C7C}.Debug|Any CPU.ActiveCfg = Debug|Any CPU
		{B20D2694-D3FF-4A96-9AEC-794D8D5C5C7C}.Debug|Any CPU.Build.0 = Debug|Any CPU
		{B20D2694-D3FF-4A96-9AEC-794D8D5C5C7C}.Release|Any CPU.ActiveCfg = Release|Any CPU
		{B20D2694-D3FF-4A96-9AEC-794D8D5C5C7C}.Release|Any CPU.Build.0 = Release|Any CPU
		{2BED0DE0-730E-4077-BACD-03F06D8B70B7}.Debug|Any CPU.ActiveCfg = Debug|Any CPU
		{2BED0DE0-730E-4077-BACD-03F06D8B70B7}.Debug|Any CPU.Build.0 = Debug|Any CPU
		{2BED0DE0-730E-4077-BACD-03F06D8B70B7}.Release|Any CPU.ActiveCfg = Release|Any CPU
		{2BED0DE0-730E-4077-BACD-03F06D8B70B7}.Release|Any CPU.Build.0 = Release|Any CPU
		{037985CA-67D7-4720-B3C5-F5A80D6F38F4}.Debug|Any CPU.ActiveCfg = Debug|Any CPU
		{037985CA-67D7-4720-B3C5-F5A80D6F38F4}.Debug|Any CPU.Build.0 = Debug|Any CPU
		{037985CA-67D7-4720-B3C5-F5A80D6F38F4}.Release|Any CPU.ActiveCfg = Release|Any CPU
		{037985CA-67D7-4720-B3C5-F5A80D6F38F4}.Release|Any CPU.Build.0 = Release|Any CPU
		{65A4DE3F-E364-4506-B854-8C6A83102FD1}.Debug|Any CPU.ActiveCfg = Debug|Any CPU
		{65A4DE3F-E364-4506-B854-8C6A83102FD1}.Debug|Any CPU.Build.0 = Debug|Any CPU
		{65A4DE3F-E364-4506-B854-8C6A83102FD1}.Release|Any CPU.ActiveCfg = Release|Any CPU
		{65A4DE3F-E364-4506-B854-8C6A83102FD1}.Release|Any CPU.Build.0 = Release|Any CPU
		{34E613D3-485E-4D80-9B92-D000DDE04A18}.Debug|Any CPU.ActiveCfg = Debug|Any CPU
		{34E613D3-485E-4D80-9B92-D000DDE04A18}.Debug|Any CPU.Build.0 = Debug|Any CPU
		{34E613D3-485E-4D80-9B92-D000DDE04A18}.Release|Any CPU.ActiveCfg = Release|Any CPU
		{34E613D3-485E-4D80-9B92-D000DDE04A18}.Release|Any CPU.Build.0 = Release|Any CPU
		{8E45B784-C482-490E-8B9C-82ACCE823C93}.Debug|Any CPU.ActiveCfg = Debug|Any CPU
		{8E45B784-C482-490E-8B9C-82ACCE823C93}.Debug|Any CPU.Build.0 = Debug|Any CPU
		{8E45B784-C482-490E-8B9C-82ACCE823C93}.Release|Any CPU.ActiveCfg = Release|Any CPU
		{8E45B784-C482-490E-8B9C-82ACCE823C93}.Release|Any CPU.Build.0 = Release|Any CPU
		{14C565A2-C78E-4DA3-A3E3-FD0C610013AA}.Debug|Any CPU.ActiveCfg = Debug|Any CPU
		{14C565A2-C78E-4DA3-A3E3-FD0C610013AA}.Debug|Any CPU.Build.0 = Debug|Any CPU
		{14C565A2-C78E-4DA3-A3E3-FD0C610013AA}.Release|Any CPU.ActiveCfg = Release|Any CPU
		{14C565A2-C78E-4DA3-A3E3-FD0C610013AA}.Release|Any CPU.Build.0 = Release|Any CPU
		{92A97710-86E2-42AE-B579-1F36BC9F85D1}.Debug|Any CPU.ActiveCfg = Debug|Any CPU
		{92A97710-86E2-42AE-B579-1F36BC9F85D1}.Debug|Any CPU.Build.0 = Debug|Any CPU
		{92A97710-86E2-42AE-B579-1F36BC9F85D1}.Release|Any CPU.ActiveCfg = Release|Any CPU
		{92A97710-86E2-42AE-B579-1F36BC9F85D1}.Release|Any CPU.Build.0 = Release|Any CPU
		{22C49348-083D-405C-A8D0-5706BA7A6AD9}.Debug|Any CPU.ActiveCfg = Debug|Any CPU
		{22C49348-083D-405C-A8D0-5706BA7A6AD9}.Debug|Any CPU.Build.0 = Debug|Any CPU
		{22C49348-083D-405C-A8D0-5706BA7A6AD9}.Release|Any CPU.ActiveCfg = Release|Any CPU
		{22C49348-083D-405C-A8D0-5706BA7A6AD9}.Release|Any CPU.Build.0 = Release|Any CPU
		{0DF16FA5-D6BC-4D96-B935-5620126AF762}.Debug|Any CPU.ActiveCfg = Debug|Any CPU
		{0DF16FA5-D6BC-4D96-B935-5620126AF762}.Debug|Any CPU.Build.0 = Debug|Any CPU
		{0DF16FA5-D6BC-4D96-B935-5620126AF762}.Release|Any CPU.ActiveCfg = Release|Any CPU
		{0DF16FA5-D6BC-4D96-B935-5620126AF762}.Release|Any CPU.Build.0 = Release|Any CPU
		{D2AEB3A6-C1D9-45F0-811E-C49A7EE86194}.Debug|Any CPU.ActiveCfg = Debug|Any CPU
		{D2AEB3A6-C1D9-45F0-811E-C49A7EE86194}.Debug|Any CPU.Build.0 = Debug|Any CPU
		{D2AEB3A6-C1D9-45F0-811E-C49A7EE86194}.Release|Any CPU.ActiveCfg = Release|Any CPU
		{D2AEB3A6-C1D9-45F0-811E-C49A7EE86194}.Release|Any CPU.Build.0 = Release|Any CPU
	EndGlobalSection
	GlobalSection(SolutionProperties) = preSolution
		HideSolutionNode = FALSE
	EndGlobalSection
	GlobalSection(NestedProjects) = preSolution
		{C619E601-5425-423C-9270-2049FAA9CA2B} = {B2A185F2-7310-4FFB-AE16-BD6530F6A456}
		{D0874515-E6DE-4F83-9E4C-AD78E769E275} = {5230CA15-1637-4B59-8925-B7A1548FD240}
		{0411461C-883F-4AD1-9590-2415A108C845} = {1D18C207-61B7-41C4-A529-34B128DB249B}
		{B82D849D-9AAE-4159-A7C7-34E247479279} = {DCC51E4C-68ED-4C99-A853-5113F8444208}
		{3301ACE8-3166-4401-A473-689C24EC9067} = {DCC51E4C-68ED-4C99-A853-5113F8444208}
		{8532AAF4-532E-4007-B6F2-86A9AED2DAF7} = {32B94606-BFAA-40AD-B013-E27C0E298D73}
		{E67B8BA9-9C5D-4FCB-AB33-9F1EAAC3C809} = {F7BA7118-4DE8-49B9-A9C8-474E91A7688E}
		{4D0689B8-D0A1-43F4-A258-995437E1889C} = {F7BA7118-4DE8-49B9-A9C8-474E91A7688E}
		{E9FA355A-3AC1-432F-ACAD-D6C6E5C90132} = {F7BA7118-4DE8-49B9-A9C8-474E91A7688E}
		{01161A62-F568-49C7-A1D3-8BBD1C2067A6} = {71338CBE-5D3B-4ACF-A171-26A032E073C7}
		{B900EBE0-1F58-4C12-933B-FC33B552D29B} = {34DEE4F9-F1A3-44C2-B677-7B8B13C66C4C}
		{1D76DC0D-CA29-4696-8338-E99C1011303D} = {34DEE4F9-F1A3-44C2-B677-7B8B13C66C4C}
		{3A534F9A-D27D-406A-9E5D-236FDE7E66CD} = {299600BF-4FC0-4886-959D-2A3833B63B95}
		{D9178C5C-A9E4-4049-BD61-47741CDDED3F} = {299600BF-4FC0-4886-959D-2A3833B63B95}
		{4B40FE23-AA7F-4CB5-B281-ED1C9253D0AC} = {ADA5D47D-5157-41BE-85B4-62297B0E2B85}
		{B20D2694-D3FF-4A96-9AEC-794D8D5C5C7C} = {ADA5D47D-5157-41BE-85B4-62297B0E2B85}
		{2BED0DE0-730E-4077-BACD-03F06D8B70B7} = {ADA5D47D-5157-41BE-85B4-62297B0E2B85}
		{037985CA-67D7-4720-B3C5-F5A80D6F38F4} = {F60D0D82-A710-4313-8CB0-15F6DB461FEC}
		{65A4DE3F-E364-4506-B854-8C6A83102FD1} = {299600BF-4FC0-4886-959D-2A3833B63B95}
		{34E613D3-485E-4D80-9B92-D000DDE04A18} = {2F124AB0-5F12-4642-98D2-A503534B36D1}
		{8E45B784-C482-490E-8B9C-82ACCE823C93} = {E0BD1A2D-9109-44A4-BF3D-A4012A353CEA}
		{14C565A2-C78E-4DA3-A3E3-FD0C610013AA} = {EAF26BFF-2ABF-4F4D-9795-848335BD864E}
		{92A97710-86E2-42AE-B579-1F36BC9F85D1} = {EAF26BFF-2ABF-4F4D-9795-848335BD864E}
		{22C49348-083D-405C-A8D0-5706BA7A6AD9} = {F01CC017-990E-42A5-9C0D-34DEAD6691B9}
		{0DF16FA5-D6BC-4D96-B935-5620126AF762} = {F01CC017-990E-42A5-9C0D-34DEAD6691B9}
		{D2AEB3A6-C1D9-45F0-811E-C49A7EE86194} = {F01CC017-990E-42A5-9C0D-34DEAD6691B9}
	EndGlobalSection
	GlobalSection(ExtensibilityGlobals) = postSolution
		SolutionGuid = {7F7CE9C2-EAB5-4672-9831-1BD48FCC8252}
	EndGlobalSection
EndGlobal
